{
  "lockfileVersion": 2,
  "configVersion": 1,
  "workspaces": {
    "": {
      "name": "r5-server",
      "dependencies": {
        "cli-truncate": "^6.1.1",
        "commander": "^15.0.0",
        "csv-parse": "^7.0.2",
        "csv-stringify": "^6.8.3",
        "dotenv": "^17.4.2",
        "ink": "^7.1.1",
        "keyvalues-tools": "^1.1.0",
        "react": "^19.3.0",
        "shell-quote": "^1.10.0",
        "string-width": "^8.2.2",
      },
      "devDependencies": {
        "@types/bun": "^1.4.2",
        "@types/react": "^19.3.0",
        "@types/shell-quote": "^1.7.5",
        "oxfmt": "^0.68.0",
        "oxlint": "^1.83.0",
        "oxlint-tsgolint": "^7.0.2001",
      },
    },
  },
  "packages": {
    "@alcalzone/ansi-tokenize": ["@alcalzone/ansi-tokenize@0.3.0", "", { "dependencies": { "ansi-styles": "^6.2.1", "is-fullwidth-code-point": "^5.0.0" } }, "sha512-p+CMKJ93HFmLkjXKlXiVGlMQEuRb6H0MokBSwUsX+S6BRX8eV5naFZpQJFfJHjRZY0Hmnqy1/r6UWl3x+19zYA=="],

    "@oxfmt/binding-android-arm-eabi": ["@oxfmt/binding-android-arm-eabi@0.68.0", "", { "os": "android", "cpu": "arm" }, "sha512-dhfYPbzv/h9JgHjNkl2R6sOjUfxDyLGOZVb3g8/ScaTNwwJcYgmHh8kcYFDUhinuy1QAoANCWUvw1jlk+z6gAg=="],

    "@oxfmt/binding-android-arm64": ["@oxfmt/binding-android-arm64@0.68.0", "", { "os": "android", "cpu": "arm64" }, "sha512-v3Njdi6qY0O/5eGfg01ww2w6gTn2mUvZ72Bnx1/UN53A9wruh3Nk6otc3WkgJLkXD4Qgz1SOcVQieH1oD03V9Q=="],

    "@oxfmt/binding-darwin-arm64": ["@oxfmt/binding-darwin-arm64@0.68.0", "", { "os": "darwin", "cpu": "arm64" }, "sha512-ei4MCMzHFREmZwPJ7KuWUB4kBuHdsgDrnXGJVcEAopU7fj7S42I8BChdFILWdHvhFqR08FLJtOfbZIr2CDw0cA=="],

    "@oxfmt/binding-darwin-x64": ["@oxfmt/binding-darwin-x64@0.68.0", "", { "os": "darwin", "cpu": "x64" }, "sha512-UrKgzZxYhwB9DSvTX+vdgl9M32wLUNKJcAKIoiyx/Kzn/zveqi7W6kYVcRroFMhS3Kwz0KhTk3WBeSuQn4YCTg=="],

    "@oxfmt/binding-freebsd-x64": ["@oxfmt/binding-freebsd-x64@0.68.0", "", { "os": "freebsd", "cpu": "x64" }, "sha512-6jrEKgpJbilM1QaRv7hEtKXr4p4AK4jvvyOtajwyhu0kOz3e0O7OLnSTk6tBotRqCcUC4ehZRJ1Zx+Y99wieLw=="],

    "@oxfmt/binding-linux-arm-gnueabihf": ["@oxfmt/binding-linux-arm-gnueabihf@0.68.0", "", { "os": "linux", "cpu": "arm" }, "sha512-YOIVnKOBaLeGullskS179N12hjSAdFYnzLjOaKiLhAKNWgnShq9w4xRdtmUm6BlnP65l2/EA9Aw/KlftNxDM7Q=="],

    "@oxfmt/binding-linux-arm-musleabihf": ["@oxfmt/binding-linux-arm-musleabihf@0.68.0", "", { "os": "linux", "cpu": "arm" }, "sha512-xW5XoEHVNqydPBv2KXvk9lmEzyAlOQHVEazKoXUuAacqekjya+OdiaFjjEBl0oJD02raG8g3TRl9OVCh9PDIHA=="],

    "@oxfmt/binding-linux-arm64-gnu": ["@oxfmt/binding-linux-arm64-gnu@0.68.0", "", { "os": "linux", "cpu": "arm64" }, "sha512-QCvYwVVQieu6oyJglAgV9vH/YMDxZyR4cwVSYtoq9oOXd5N+D3TDUBjNwxFrLn5AdcJZOcvn/7IB17vJGp+2Og=="],

    "@oxfmt/binding-linux-arm64-musl": ["@oxfmt/binding-linux-arm64-musl@0.68.0", "", { "os": "linux", "cpu": "arm64" }, "sha512-4TVz5iFQ8ndrHnhX50UXiz9BIWAtUSOHJ6Nus4qWFfJBXq/Ed/krXbF/ehJu42BXM5tIvBs99jNIM22s9agY5A=="],

    "@oxfmt/binding-linux-ppc64-gnu": ["@oxfmt/binding-linux-ppc64-gnu@0.68.0", "", { "os": "linux", "cpu": "ppc64" }, "sha512-qLe3ao0RP84bnPxBvRI+GnlK/jybo538NWu0Xrm+zYeTmJtpzqLhnnd5BH21NafqKnplbGZjtN1cnrOlWF73lw=="],

    "@oxfmt/binding-linux-riscv64-gnu": ["@oxfmt/binding-linux-riscv64-gnu@0.68.0", "", { "os": "linux", "cpu": "none" }, "sha512-Yvyl7a6gbb0vM6r925KW2dO+/CmXySO5TVbcX7o/uZJ+d108HFOG0TxIyHApmn5USuj5mhDPxzhiVwOlGP7uSA=="],

    "@oxfmt/binding-linux-riscv64-musl": ["@oxfmt/binding-linux-riscv64-musl@0.68.0", "", { "os": "linux", "cpu": "none" }, "sha512-mJlFuFVCxzrYM5sFStN433D/s/mb6Wq4aCQAM02vs/OudHywnaSAd2rb1vlYUJtqdYIciJtiasuxvfbYkv5fLg=="],

    "@oxfmt/binding-linux-s390x-gnu": ["@oxfmt/binding-linux-s390x-gnu@0.68.0", "", { "os": "linux", "cpu": "s390x" }, "sha512-RlfSg++qs1hbKltRR6lYvV9EoI3MdlfSQD9w1hdHVYjHqjIn1tkH4FWOpMSmjKGN20zr+nI+W9o4ARogCDudGQ=="],

    "@oxfmt/binding-linux-x64-gnu": ["@oxfmt/binding-linux-x64-gnu@0.68.0", "", { "os": "linux", "cpu": "x64" }, "sha512-nyzRB9U+dlYUKu3pMo3afHzZBUv/oTHZMG36ZfJViNVfOIzp70Q4GS8FFRGgYJ/p0zcyDCgpBvYISOdJOMh+jQ=="],

    "@oxfmt/binding-linux-x64-musl": ["@oxfmt/binding-linux-x64-musl@0.68.0", "", { "os": "linux", "cpu": "x64" }, "sha512-iCx3sbZRIvGrL1RafphEiUKBaW1lc0/tAjKOIB/Wjw2+STRBEdu5+fH1Gc1faEWEmc2k5Ks4iUUV54Zd5C9a1A=="],

    "@oxfmt/binding-openharmony-arm64": ["@oxfmt/binding-openharmony-arm64@0.68.0", "", { "os": "none", "cpu": "arm64" }, "sha512-x2X5AZez7OgyLLFpwIgItoXBUqudDM7yiaTsxv8R8vKQ6e81l0jVw0NFeUCXzcl1sAJq8h+tC8N4mY8EiMeL4w=="],

    "@oxfmt/binding-win32-arm64-msvc": ["@oxfmt/binding-win32-arm64-msvc@0.68.0", "", { "os": "win32", "cpu": "arm64" }, "sha512-AHVPjXkenLPQUh6kB8zSC8pX2ct9r4T1Edk9r/RNJyov6wPsS5uAfYtipwG4chn6+3bPFG5rI/3DxEeH8vib1w=="],

    "@oxfmt/binding-win32-ia32-msvc": ["@oxfmt/binding-win32-ia32-msvc@0.68.0", "", { "os": "win32", "cpu": "ia32" }, "sha512-n09SjEk5VH7z8Hl4WVP7hho+cCwGViENkQFiM45vbW85dJd7kEhWaHRUobaPzEmrWyu6uumd4EuNfNyDKLtzDA=="],

    "@oxfmt/binding-win32-x64-msvc": ["@oxfmt/binding-win32-x64-msvc@0.68.0", "", { "os": "win32", "cpu": "x64" }, "sha512-gPe+dJLXaPuWPWqlpklDAJp0k+K9KhQPYiQLHfb+i2rmFuUGfJ/5Qlj6tr1mO6of5g0DiLjG/XCFHIaPhotqqA=="],

    "@oxlint-tsgolint/darwin-arm64": ["@oxlint-tsgolint/darwin-arm64@7.0.2001", "", { "os": "darwin", "cpu": "arm64" }, "sha512-CUJEdbSZ54+Xy9OXqOhWLTKZKV0BBiV7C2i/ygyVmXtkUNXx5YCzN8DpSSshTAKktoL7S+tnQ/ftFG/i7X896w=="],

    "@oxlint-tsgolint/darwin-x64": ["@oxlint-tsgolint/darwin-x64@7.0.2001", "", { "os": "darwin", "cpu": "x64" }, "sha512-pXfBb5BqONCcgrXQNUZWXgiYmRSWJzd97S8i41VVOh6ut0tyo+cJ5FKFpczDHxiVNfj/3e7c9B4MtztNdpIVCw=="],

    "@oxlint-tsgolint/linux-arm64": ["@oxlint-tsgolint/linux-arm64@7.0.2001", "", { "os": "linux", "cpu": "arm64" }, "sha512-roP7zujb/QDPzDwEKsFFpzNHHy91/Y7oX9vQXk78ekyZtcQj1QXDIMH33gjDdHBfRl4K9pZ36xhRgrP4Zr+R8A=="],

    "@oxlint-tsgolint/linux-x64": ["@oxlint-tsgolint/linux-x64@7.0.2001", "", { "os": "linux", "cpu": "x64" }, "sha512-UDezNqdECVmngu2TPnjaS1YoAmcTaBoI5lV9vk3VahBxoi+I5r9k3iJTT7qZoYWOXTD/7T7bNcwRgrocR6BscQ=="],

    "@oxlint-tsgolint/win32-arm64": ["@oxlint-tsgolint/win32-arm64@7.0.2001", "", { "os": "win32", "cpu": "arm64" }, "sha512-uJZhqB6pdXLuN+AD1F5082byyQti/NPmJA77GtcFlmT2HzRelqbNls3SaIqxpjdFgvSBF9g0yOKGBkGFg7kX8Q=="],

    "@oxlint-tsgolint/win32-x64": ["@oxlint-tsgolint/win32-x64@7.0.2001", "", { "os": "win32", "cpu": "x64" }, "sha512-FkDRm8hx9OwzGQqyWG1tO5QrTLRApff9DzSgpz9QZau37BR8d1VYKOxMLGf6shPZntJFoTwIIJYT68VndYDCog=="],

    "@oxlint/binding-android-arm-eabi": ["@oxlint/binding-android-arm-eabi@1.83.0", "", { "os": "android", "cpu": "arm" }, "sha512-0yGY24EwsLk5YDe6F+VkmZyRHSwJDALa3nIrPpq7FXmp2lV2d0TzvBCGeZk+wgiULRGr5blhyr4QMp5KCXJUqA=="],

    "@oxlint/binding-android-arm64": ["@oxlint/binding-android-arm64@1.83.0", "", { "os": "android", "cpu": "arm64" }, "sha512-hHfJ0vc17A4iUjH5p9BsTUPYbYRNxGpvD2lbu1aBRk54bzNIx9o5TtYF39QPZcV95DagZd+4DEAw2RH3G2ZsMg=="],

    "@oxlint/binding-darwin-arm64": ["@oxlint/binding-darwin-arm64@1.83.0", "", { "os": "darwin", "cpu": "arm64" }, "sha512-hsOjYjszLb/3zym/TkzUMPAoQlTJcuzSyEPOAyA+skXJIX9M0o+4JfOtqopX/Vf4hSLrJ98j0nvFo23gzk8auQ=="],

    "@oxlint/binding-darwin-x64": ["@oxlint/binding-darwin-x64@1.83.0", "", { "os": "darwin", "cpu": "x64" }, "sha512-mjh5oH2EA+wl5yRJYT9K9G61O2zFlpuv+yf2JwZOi0+dq2FnTUtm1h8i+5Ik0fXPWIu/k84I1psZR9aQsLAnyA=="],

    "@oxlint/binding-freebsd-x64": ["@oxlint/binding-freebsd-x64@1.83.0", "", { "os": "freebsd", "cpu": "x64" }, "sha512-fNHr64/YaO8YssuoDVC8+F4Uk5enR86q5uxfHkQrjAPs1dbAILOrD2uaud+J7MO8Fx774g44ERLD0IGIvZE48w=="],

    "@oxlint/binding-linux-arm-gnueabihf": ["@oxlint/binding-linux-arm-gnueabihf@1.83.0", "", { "os": "linux", "cpu": "arm" }, "sha512-Qpwy3zzAwMj+8/lyYItHmkSMwbkprFNWTK7jPYDOxSyxEhaSLOWYUTCMkjF334J8/WD0nznCCsoBbIH6hpsuIw=="],

    "@oxlint/binding-linux-arm-musleabihf": ["@oxlint/binding-linux-arm-musleabihf@1.83.0", "", { "os": "linux", "cpu": "arm" }, "sha512-s+BirYLFq7JL2k9sP0XI3ZXJ9dYvJ8sX3jLCLoag7tt+zrSHpZxP0jqznfL+Gdgwu7ay0dYgGYJXrQvq3iWloA=="],

    "@oxlint/binding-linux-arm64-gnu": ["@oxlint/binding-linux-arm64-gnu@1.83.0", "", { "os": "linux", "cpu": "arm64" }, "sha512-7lihXt3vKr+GIyapNbHrnFHm/biiW30le6Zv/DExbAFPF6YwCQXVFlONPFehxs0CpGO4CBfYPM9rdDT+XMoIlg=="],

    "@oxlint/binding-linux-arm64-musl": ["@oxlint/binding-linux-arm64-musl@1.83.0", "", { "os": "linux", "cpu": "arm64" }, "sha512-q63JalLYVkZiZvls1z3PPUnpmQluOMXp0khqQMznCeAPLGydfNY8JhvuA4WlK57JfrvikU8wB5lPVveqpIXvew=="],

    "@oxlint/binding-linux-ppc64-gnu": ["@oxlint/binding-linux-ppc64-gnu@1.83.0", "", { "os": "linux", "cpu": "ppc64" }, "sha512-krQmDF+dRbxvdqVPV88ZuOoPPu8X5BuqDA8Hd+qcS4YMRQCb+nexA57DazgGsc/rGdKBe3QmV0mnv0bdpW/p5g=="],

    "@oxlint/binding-linux-riscv64-gnu": ["@oxlint/binding-linux-riscv64-gnu@1.83.0", "", { "os": "linux", "cpu": "none" }, "sha512-MmOl8Y6txEAXZU1RG8Rr264jQ6D7VPmqFsU/45x/FeWsGe32hklTqGrLE6UxHzp5Rjt0wP+20tY8YXKgSFB3mw=="],

    "@oxlint/binding-linux-riscv64-musl": ["@oxlint/binding-linux-riscv64-musl@1.83.0", "", { "os": "linux", "cpu": "none" }, "sha512-u1rMymh0W3JZkq370kzQsYPULGWqhE09pZRqnZvUSoYaI9pVO5yVX+iYIslmWuEgwuzH9YAaOsScJiobWCHoOw=="],

    "@oxlint/binding-linux-s390x-gnu": ["@oxlint/binding-linux-s390x-gnu@1.83.0", "", { "os": "linux", "cpu": "s390x" }, "sha512-y0zK3HNwGysu7rqtE+BQG/d0bx5gh/KwlOtghN8oWeK1KcWzeaLqtZrbm8owqdma1lFyrce/hTO5ismuNu+INQ=="],

    "@oxlint/binding-linux-x64-gnu": ["@oxlint/binding-linux-x64-gnu@1.83.0", "", { "os": "linux", "cpu": "x64" }, "sha512-rS5gM0NgD7ngmuJmbIehsidtrOwKkLFwCQbKEeb9KuyQrrWNq5Zkn0uV6AYdXOMJ0grrWEiLwBuvMxt8w5vsNw=="],

    "@oxlint/binding-linux-x64-musl": ["@oxlint/binding-linux-x64-musl@1.83.0", "", { "os": "linux", "cpu": "x64" }, "sha512-W2IH4EtpcPaWcvNGCA95YoDg4vxqE/ZiPCi3arrxEEpsK7+JQN9WYwrlYFx9pcdP6KPXqRqkv3zdQPHcx7b6YQ=="],

    "@oxlint/binding-openharmony-arm64": ["@oxlint/binding-openharmony-arm64@1.83.0", "", { "os": "none", "cpu": "arm64" }, "sha512-6LyKkUyoajssTPLlZmDbZIbu4IZ5B4bGuRUnBgCGpEvHP3FQMaYITncHA/unPUo7q+Z+pIu2HhdkQ+8d1SG7iA=="],

    "@oxlint/binding-win32-arm64-msvc": ["@oxlint/binding-win32-arm64-msvc@1.83.0", "", { "os": "win32", "cpu": "arm64" }, "sha512-Uz/fObEtF0jmNJQJ8CGRBKfefYstS0/wjD3s6IGzP8nUwsJykHQJBiN3npHwKiGRGn/vvBEgNr4B3cCzmmatvg=="],

    "@oxlint/binding-win32-ia32-msvc": ["@oxlint/binding-win32-ia32-msvc@1.83.0", "", { "os": "win32", "cpu": "ia32" }, "sha512-u7XcvPW6Bk58tY5iWs2ESb0vJjoE/kuSpHxopbwp/p3ZtWVQXZ6wor5w3ssVTHOqd/v8b+QdhSFWQ4grEUNWpA=="],

    "@oxlint/binding-win32-x64-msvc": ["@oxlint/binding-win32-x64-msvc@1.83.0", "", { "os": "win32", "cpu": "x64" }, "sha512-LZRubd7ph13QmAg4fFecTYVZkiYbROR2Htaxh/ufWRkDhPOm2wrwaEYR89e0YpPFD3dqBrPoxS7myBw5hmYA7Q=="],

    "@types/bun": ["@types/bun@1.4.2", "", { "dependencies": { "bun-types": "1.4.2" } }, "sha512-GimotNn7+ZV0uVArItBbriZsR1oNf0+WTzPkdcFrzShI7k2norL0uzEaJT8T33dWr7O/c9ZDuAFQrctKCi72oQ=="],

    "@types/node": ["@types/node@26.5.1", "", { "dependencies": { "undici-types": "~8.9.0" } }, "sha512-CzNm2FezW4VR/LjG6yUdiEgLE/rAQ9Slj5gCu/C2VrdcW7I0ahNZ8DRbHT7zOZ6r3ONgd/bsQIeSaoDGrd1C6g=="],

    "@types/react": ["@types/react@19.3.0", "", { "dependencies": { "csstype": "^3.2.2" } }, "sha512-N0rFCuH9YoxG9/m61l9MfpJKfmLOVU0em7ipIz6TRgSSkvReLB9vL85GB+yr8Bs5leqpvg96JSwF4ZS1s4viQg=="],

    "@types/shell-quote": ["@types/shell-quote@1.7.5", "", {}, "sha512-+UE8GAGRPbJVQDdxi16dgadcBfQ+KG2vgZhV1+3A1XmHbmwcdwhCUwIdy+d3pAGrbvgRoVSjeI9vOWyq376Yzw=="],

    "ansi-escapes": ["ansi-escapes@7.3.0", "", { "dependencies": { "environment": "^1.0.0" } }, "sha512-BvU8nYgGQBxcmMuEeUEmNTvrMVjJNSH7RgW24vXexN4Ven6qCvy4TntnvlnwnMLTVlcRQQdbRY8NKnaIoeWDNg=="],

    "ansi-regex": ["ansi-regex@6.3.0", "", {}, "sha512-WpDfL7NO6j7tH88IDBNVdUJxDh9nmCteAVW9dsep846XdwF4naCBK+/tGLX3KJgcpgMRXCFlTM2hKGoK9FsdrQ=="],

    "ansi-styles": ["ansi-styles@6.2.3", "", {}, "sha512-4Dj6M28JB+oAH8kFkTLUo+a2jwOFkuqb3yucU0CANcRRUbxS0cP0nZYCGjcc3BNXwRIsUVmDGgzawme7zvJHvg=="],

    "auto-bind": ["auto-bind@5.0.1", "", {}, "sha512-ooviqdwwgfIfNmDwo94wlshcdzfO64XV0Cg6oDsDYBJfITDz1EngD2z7DkbvCWn+XIMsIqW27sEVF6qcpJrRcg=="],

    "bun-types": ["bun-types@1.4.2", "", { "dependencies": { "@types/node": "*" } }, "sha512-bxV1FgK7yBIzjRe5zBozIM4Bem11ZJcCXSrjWRG3YWLt8yFDePu4cLjpebO8OvPeIE9trbyPF4fuj3Cia4Fj3w=="],

    "chalk": ["chalk@5.6.2", "", {}, "sha512-7NzBL0rN6fMUW+f7A6Io4h40qQlG+xGmtMxfbnH/K7TAtt8JQWVQK+6g0UXKMeVJoyV5EkkNsErQ8pVD3bLHbA=="],

    "cli-boxes": ["cli-boxes@4.0.1", "", {}, "sha512-5IOn+jcCEHEraYolBPs/sT4BxYCe2nHg374OPiItB1O96KZFseS2gthU4twyYzeDcFew4DaUM/xwc5BQf08JJw=="],

    "cli-cursor": ["cli-cursor@4.0.0", "", { "dependencies": { "restore-cursor": "^4.0.0" } }, "sha512-VGtlMu3x/4DOtIUwEkRezxUZ2lBacNJCHash0N0WeZDBS+7Ux1dm3XWAgWYxLJFMMdOeXMHXorshEFhbMSGelg=="],

    "cli-truncate": ["cli-truncate@6.1.1", "", { "dependencies": { "slice-ansi": "^9.0.0", "string-width": "^8.2.0" } }, "sha512-06p9vyLahLa4zkGcgsGxU6iEkSOiuI4fhCH6Emhe2lPAcoUv73n72DnODsnHA+5wwXGnV0n9M9/qOQJSjYhFhw=="],

    "code-excerpt": ["code-excerpt@4.0.0", "", { "dependencies": { "convert-to-spaces": "^2.0.1" } }, "sha512-xxodCmBen3iy2i0WtAK8FlFNrRzjUqjRsMfho58xT/wvZU1YTM3fCnRjcy1gJPMepaRlgm/0e6w8SpWHpn3/cA=="],

    "commander": ["commander@15.0.0", "", {}, "sha512-z67u4ZhzCL/Tydu1lJARtEZYWbWaN7oYLHbsuzocr6y4N6WZAagG3RQ4FW61V1/0+jImpj293XfrcYnd1qxtPg=="],

    "convert-to-spaces": ["convert-to-spaces@2.0.1", "", {}, "sha512-rcQ1bsQO9799wq24uE5AM2tAILy4gXGIK/njFWcVQkGNZ96edlpY+A7bjwvzjYvLDyzmG1MmMLZhpcsb+klNMQ=="],

    "csstype": ["csstype@3.2.3", "", {}, "sha512-z1HGKcYy2xA8AGQfwrn0PAy+PB7X/GSj3UVJW9qKyn43xWa+gl5nXmU4qqLMRzWVLFC8KusUX8T/0kCiOYpAIQ=="],

    "csv-parse": ["csv-parse@7.0.2", "", {}, "sha512-uKZghv9UmPkMVLYy//KZ9HFAIJsl7wkhoEdIL0+rhuSY9pZQlhaeGEDPIe+/w7eh81MOql8Q/9+inAGWG6ZHYA=="],

    "csv-stringify": ["csv-stringify@6.8.3", "", {}, "sha512-gIeSCvq5F4VtXV3naV3VAewLhBkiZBz+PPhTOA8H3Y8h/ELa+R1ml0GZck/4/Nzo9ep2lvOluilJ6MJlbZsKMA=="],

    "dotenv": ["dotenv@17.4.2", "", {}, "sha512-nI4U3TottKAcAD9LLud4Cb7b2QztQMUEfHbvhTH09bqXTxnSie8WnjPALV/WMCrJZ6UV/qHJ6L03OqO3LcdYZw=="],

    "environment": ["environment@1.1.0", "", {}, "sha512-xUtoPkMggbz0MPyPiIWr1Kp4aeWJjDZ6SMvURhimjdZgsRuDplF5/s9hcgGhyXMhs+6vpnuoiZ2kFiu3FMnS8Q=="],

    "es-toolkit": ["es-toolkit@1.52.0", "", {}, "sha512-XTNEJQh1tY1ZJVcf6ayP/2n4ZPyaHlW2FWs7xvw5ddPuhUVjLD3olQVQS7kf58JbAB48iL0uL/jerTrjtV3lDA=="],

    "escape-string-regexp": ["escape-string-regexp@2.0.0", "", {}, "sha512-UpzcLCXolUWcNu5HtVMHYdXJjArjsF9C0aNnquZYY4uW/Vu0miy5YoWvbV345HauVvcAUnpRuhMMcqTcGOY2+w=="],

    "get-east-asian-width": ["get-east-asian-width@1.6.0", "", {}, "sha512-QRbvDIbx6YklUe6RxeTeleMR0yv3cYH6PsPZHcnVn7xv7zO1BHN8r0XETu8n6Ye3Q+ahtSarc3WgtNWmehIBfA=="],

    "indent-string": ["indent-string@5.0.0", "", {}, "sha512-m6FAo/spmsW2Ab2fU35JTYwtOKa2yAwXSwgjSv1TJzh4Mh7mC3lzAOVLBprb72XsTrgkEIsl7YrFNAiDiRhIGg=="],

    "ink": ["ink@7.1.1", "", { "dependencies": { "@alcalzone/ansi-tokenize": "^0.3.0", "ansi-escapes": "^7.3.0", "ansi-styles": "^6.2.3", "auto-bind": "^5.0.1", "chalk": "^5.6.2", "cli-boxes": "^4.0.1", "cli-cursor": "^4.0.0", "cli-truncate": "^6.0.0", "code-excerpt": "^4.0.0", "es-toolkit": "^1.45.1", "indent-string": "^5.0.0", "is-in-ci": "^2.0.0", "patch-console": "^2.0.0", "react-reconciler": "^0.33.0", "scheduler": "^0.27.0", "signal-exit": "^3.0.7", "slice-ansi": "^9.0.0", "stack-utils": "^2.0.6", "string-width": "^8.2.0", "terminal-size": "^4.0.1", "type-fest": "^5.5.0", "widest-line": "^6.0.0", "wrap-ansi": "^10.0.0", "ws": "^8.20.0", "yoga-layout": "~3.2.1" }, "peerDependencies": { "@types/react": ">=19.2.0", "react": ">=19.2.0", "react-devtools-core": ">=6.1.2" }, "optionalPeers": ["@types/react", "react-devtools-core"] }, "sha512-Y43xxa1ZSPvpmfLHcN5o+OdP8Rf8ykkNJEuKYOUNZKT8wXVNLFTtEm1nSDMQkfBH+YANF4Xuu0hhZ4ejqAtN2w=="],

    "is-fullwidth-code-point": ["is-fullwidth-code-point@5.1.0", "", { "dependencies": { "get-east-asian-width": "^1.3.1" } }, "sha512-5XHYaSyiqADb4RnZ1Bdad6cPp8Toise4TzEjcOYDHZkTCbKgiUl7WTUCpNWHuxmDt91wnsZBc9xinNzopv3JMQ=="],

    "is-in-ci": ["is-in-ci@2.0.0", "", { "bin": { "is-in-ci": "cli.js" } }, "sha512-cFeerHriAnhrQSbpAxL37W1wcJKUUX07HyLWZCW1URJT/ra3GyUTzBgUnh24TMVfNTV2Hij2HLxkPHFZfOZy5w=="],

    "keyvalues-tools": ["keyvalues-tools@1.1.0", "", { "bin": { "keyvalues-tools": "dist/cli.js" } }, "sha512-VNyAedgoDOE2sKXm6IxS5RtiIL39xnd3GmWfiJXt1KM6UM0DOPzwGRPfQmKi/Ore1Ign3CyLl+8zGfM3TfzukA=="],

    "mimic-fn": ["mimic-fn@2.1.0", "", {}, "sha512-OqbOk5oEQeAZ8WXWydlu9HJjz9WVdEIvamMCcXmuqUYjTknH/sqsWvhQ3vgwKFRR1HpjvNBKQ37nbJgYzGqGcg=="],

    "onetime": ["onetime@5.1.2", "", { "dependencies": { "mimic-fn": "^2.1.0" } }, "sha512-kbpaSSGJTWdAY5KPVeMOKXSrPtr8C8C7wodJbcsd51jRnmD+GZu8Y0VoU6Dm5Z4vWr0Ig/1NKuWRKf7j5aaYSg=="],

    "oxfmt": ["oxfmt@0.68.0", "", { "dependencies": { "tinypool": "2.1.2" }, "optionalDependencies": { "@oxfmt/binding-android-arm-eabi": "0.68.0", "@oxfmt/binding-android-arm64": "0.68.0", "@oxfmt/binding-darwin-arm64": "0.68.0", "@oxfmt/binding-darwin-x64": "0.68.0", "@oxfmt/binding-freebsd-x64": "0.68.0", "@oxfmt/binding-linux-arm-gnueabihf": "0.68.0", "@oxfmt/binding-linux-arm-musleabihf": "0.68.0", "@oxfmt/binding-linux-arm64-gnu": "0.68.0", "@oxfmt/binding-linux-arm64-musl": "0.68.0", "@oxfmt/binding-linux-ppc64-gnu": "0.68.0", "@oxfmt/binding-linux-riscv64-gnu": "0.68.0", "@oxfmt/binding-linux-riscv64-musl": "0.68.0", "@oxfmt/binding-linux-s390x-gnu": "0.68.0", "@oxfmt/binding-linux-x64-gnu": "0.68.0", "@oxfmt/binding-linux-x64-musl": "0.68.0", "@oxfmt/binding-openharmony-arm64": "0.68.0", "@oxfmt/binding-win32-arm64-msvc": "0.68.0", "@oxfmt/binding-win32-ia32-msvc": "0.68.0", "@oxfmt/binding-win32-x64-msvc": "0.68.0" }, "peerDependencies": { "svelte": "^5.0.0", "vite-plus": "*" }, "optionalPeers": ["svelte", "vite-plus"], "bin": { "oxfmt": "bin/oxfmt" } }, "sha512-Z0XMofcXCGUXbcpBHnWyUiX93BGiw1B+lcHNbQDWEtOhX06ewoFfu4zXkyiLhRrNnMq0twqXRHUcJetf+GsiQQ=="],

    "oxlint": ["oxlint@1.83.0", "", { "optionalDependencies": { "@oxlint/binding-android-arm-eabi": "1.83.0", "@oxlint/binding-android-arm64": "1.83.0", "@oxlint/binding-darwin-arm64": "1.83.0", "@oxlint/binding-darwin-x64": "1.83.0", "@oxlint/binding-freebsd-x64": "1.83.0", "@oxlint/binding-linux-arm-gnueabihf": "1.83.0", "@oxlint/binding-linux-arm-musleabihf": "1.83.0", "@oxlint/binding-linux-arm64-gnu": "1.83.0", "@oxlint/binding-linux-arm64-musl": "1.83.0", "@oxlint/binding-linux-ppc64-gnu": "1.83.0", "@oxlint/binding-linux-riscv64-gnu": "1.83.0", "@oxlint/binding-linux-riscv64-musl": "1.83.0", "@oxlint/binding-linux-s390x-gnu": "1.83.0", "@oxlint/binding-linux-x64-gnu": "1.83.0", "@oxlint/binding-linux-x64-musl": "1.83.0", "@oxlint/binding-openharmony-arm64": "1.83.0", "@oxlint/binding-win32-arm64-msvc": "1.83.0", "@oxlint/binding-win32-ia32-msvc": "1.83.0", "@oxlint/binding-win32-x64-msvc": "1.83.0" }, "peerDependencies": { "oxlint-tsgolint": ">=7.0.2001", "vite-plus": "*" }, "optionalPeers": ["oxlint-tsgolint", "vite-plus"], "bin": { "oxlint": "bin/oxlint" } }, "sha512-cyDzSzaw3uzP0TeCeq3lLRPPoaUxkbB4ZOXj+kn+5r+BX9V+4bNVGk9lxer+WrgcpebH4JxLlJ3KQjveVztOLQ=="],

    "oxlint-tsgolint": ["oxlint-tsgolint@7.0.2001", "", { "optionalDependencies": { "@oxlint-tsgolint/darwin-arm64": "7.0.2001", "@oxlint-tsgolint/darwin-x64": "7.0.2001", "@oxlint-tsgolint/linux-arm64": "7.0.2001", "@oxlint-tsgolint/linux-x64": "7.0.2001", "@oxlint-tsgolint/win32-arm64": "7.0.2001", "@oxlint-tsgolint/win32-x64": "7.0.2001" }, "bin": { "tsgolint": "./bin/tsgolint.js" } }, "sha512-KjK/XLcXr1DSyonKhsuFqJRiuKqcyG9j3LJ8nkOsrLzGvodBPqzHOKauy10asLMDI0sUpvb+1sxlzff3udZvfg=="],

    "patch-console": ["patch-console@2.0.0", "", {}, "sha512-0YNdUceMdaQwoKce1gatDScmMo5pu/tfABfnzEqeG0gtTmd7mh/WcwgUjtAeOU7N8nFFlbQBnFK2gXW5fGvmMA=="],

    "react": ["react@19.3.0", "", {}, "sha512-E8LUcbtBWt20bbl2YoHfx4ZDBdxVTfOKtCZn9cDSJ4l6/nuoApcpIBcj47t2wZoVX8g2ZHuMHbiShgCR1T5Sog=="],

    "react-reconciler": ["react-reconciler@0.33.0", "", { "dependencies": { "scheduler": "^0.27.0" }, "peerDependencies": { "react": "^19.2.0" } }, "sha512-KetWRytFv1epdpJc3J4G75I4WrplZE5jOL7Yq0p34+OVOKF4Se7WrdIdVC45XsSSmUTlht2FM/fM1FZb1mfQeA=="],

    "restore-cursor": ["restore-cursor@4.0.0", "", { "dependencies": { "onetime": "^5.1.0", "signal-exit": "^3.0.2" } }, "sha512-I9fPXU9geO9bHOt9pHHOhOkYerIMsmVaWB0rA2AI9ERh/+x/i7MV5HKBNrg+ljO5eoPVgCcnFuRjJ9uH6I/3eg=="],

    "scheduler": ["scheduler@0.27.0", "", {}, "sha512-eNv+WrVbKu1f3vbYJT/xtiF5syA5HPIMtf9IgY/nKg0sWqzAUEvqY/xm7OcZc/qafLx/iO9FgOmeSAp4v5ti/Q=="],

    "shell-quote": ["shell-quote@1.10.0", "", {}, "sha512-w1aiOKwKuRgtwAReIIj89puqg+I7GvX4IbLrvmhXbzQsj1+Zwi4VO3+fa6ZF91TWSjIxoEkKnMeHcLEODK5ZXA=="],

    "signal-exit": ["signal-exit@3.0.7", "", {}, "sha512-wnD2ZE+l+SPC/uoS0vXeE9L1+0wuaMqKlfz9AMUo38JsyLSBWSFcHR1Rri62LZc12vLr1gb3jl7iwQhgwpAbGQ=="],

    "slice-ansi": ["slice-ansi@9.0.0", "", { "dependencies": { "ansi-styles": "^6.2.3", "is-fullwidth-code-point": "^5.1.0" } }, "sha512-SO/3iYL5S3W57LLEniscOGPZgOqZUPCx6d3dB+52B80yJ0XstzsC/eV8gnA4tM3MHDrKz+OCFSLNjswdSC+/bA=="],

    "stack-utils": ["stack-utils@2.0.6", "", { "dependencies": { "escape-string-regexp": "^2.0.0" } }, "sha512-XlkWvfIm6RmsWtNJx+uqtKLS8eqFbxUg0ZzLXqY0caEy9l7hruX8IpiDnjsLavoBgqCCR71TqWO8MaXYheJ3RQ=="],

    "string-width": ["string-width@8.2.2", "", { "dependencies": { "get-east-asian-width": "^1.5.0", "strip-ansi": "^7.1.2" } }, "sha512-GaPUh5gfdrYzqeVNZvUfT23vYYxXzKYidUcnMtJg/3rxRV63EFZy3k6xfKlmfeJD0176lnUV/Usr3XcwSvFzpg=="],

    "strip-ansi": ["strip-ansi@7.2.0", "", { "dependencies": { "ansi-regex": "^6.2.2" } }, "sha512-yDPMNjp4WyfYBkHnjIRLfca1i6KMyGCtsVgoKe/z1+6vukgaENdgGBZt+ZmKPc4gavvEZ5OgHfHdrazhgNyG7w=="],

    "tagged-tag": ["tagged-tag@1.0.0", "", {}, "sha512-yEFYrVhod+hdNyx7g5Bnkkb0G6si8HJurOoOEgC8B/O0uXLHlaey/65KRv6cuWBNhBgHKAROVpc7QyYqE5gFng=="],

    "terminal-size": ["terminal-size@4.0.1", "", {}, "sha512-avMLDQpUI9I5XFrklECw1ZEUPJhqzcwSWsyyI8blhRLT+8N1jLJWLWWYQpB2q2xthq8xDvjZPISVh53T/+CLYQ=="],

    "tinypool": ["tinypool@2.1.2", "", {}, "sha512-9YodfrxS9g9IbFr/KOjE5bAeJ0p61n3bW6mqvy0jtoeKd1kTW1Cxm0oulm6KX2lyM9Gl6WIe8nEbY7LWv5ZJww=="],

    "type-fest": ["type-fest@5.9.0", "", { "dependencies": { "tagged-tag": "^1.0.0" } }, "sha512-yANm3Jr3GiJ1qgJlxGAVxTOIcEOk1rhQHamlXtnrCK7EHP4HeM9OGxtMg/W7HFdrVzw/ZWJKGVIJusVH85sLtw=="],

    "undici-types": ["undici-types@8.9.0", "", {}, "sha512-KTDyRTYX8sWmKXAikPHHSyc63CRPETMctyjKFupcC6OBLXT3xsN0e9aF7m+mIXutFWpUXuedtowG7iLOzp0kQg=="],

    "widest-line": ["widest-line@6.0.0", "", { "dependencies": { "string-width": "^8.1.0" } }, "sha512-U89AsyEeAsyoF0zVJBkG9zBgekjgjK7yk9sje3F4IQpXBJ10TF6ByLlIfjMhcmHMJgHZI4KHt4rdNfktzxIAMA=="],

    "wrap-ansi": ["wrap-ansi@10.0.1", "", { "dependencies": { "ansi-styles": "^6.2.3", "string-width": "^8.2.0" } }, "sha512-M0N4xzyzosiIok3svYlEo1sdLZts/8FPgYH/GPC3wvlmPoRvnoManGMrE54waYj3tISA8w6lsdesfVv67qSr8Q=="],

    "ws": ["ws@8.21.3", "", { "peerDependencies": { "bufferutil": "^4.0.1", "utf-8-validate": ">=5.0.2" }, "optionalPeers": ["bufferutil", "utf-8-validate"] }, "sha512-201TZ/kPWxoPr/OKWjquZR1SWKXcvxdH+e1xrx89b3YbmzLMFCLfnaG1HFIgWzJOEWZ7MvpK++odZufgYR50Rw=="],

    "yoga-layout": ["yoga-layout@3.2.1", "", {}, "sha512-0LPOt3AxKqMdFBZA3HBAt/t/8vIKq7VaQYbuA8WxCgung+p9TVyKRYdpvCb80HcdTN2NkbIKbhNwKUfm3tQywQ=="],
  }
}
